
Microsoft Visual Studio Solution File, Format Version 12.00
# Visual Studio Version 17
VisualStudioVersion = 17.6.33829.357
MinimumVisualStudioVersion = 10.0.40219.1
Project("{8BC9CEB8-8B4A-11D0-8D11-00A0C91BC942}") = "Word_with_StackAndPolishNotation(3)", "Word_with_StackAndPolishNotation(3)\Word_with_StackAndPolishNotation(3).vcxproj", "{E57C1538-5620-46F8-B30E-59B96CCAFAAF}"
EndProject
Global
	GlobalSection(SolutionConfigurationPlatforms) = preSolution
		Debug|x64 = Debug|x64
		Debug|x86 = Debug|x86
		Release|x64 = Release|x64
		Release|x86 = Release|x86
	EndGlobalSection
	GlobalSection(ProjectConfigurationPlatforms) = postSolution
		{E57C1538-5620-46F8-B30E-59B96CCAFAAF}.Debug|x64.ActiveCfg = Debug|x64
		{E57C1538-5620-46F8-B30E-59B96CCAFAAF}.Debug|x64.Build.0 = Debug|x64
		{E57C1538-5620-46F8-B30E-59B96CCAFAAF}.Debug|x86.ActiveCfg = Debug|Win32
		{E57C1538-5620-46F8-B30E-59B96CCAFAAF}.Debug|x86.Build.0 = Debug|Win32
		{E57C1538-5620-46F8-B30E-59B96CCAFAAF}.Release|x64.ActiveCfg = Release|x64
		{E57C1538-5620-46F8-B30E-59B96CCAFAAF}.Release|x64.Build.0 = Release|x64
		{E57C1538-5620-46F8-B30E-59B96CCAFAAF}.Release|x86.ActiveCfg = Release|Win32
		{E57C1538-5620-46F8-B30E-59B96CCAFAAF}.Release|x86.Build.0 = Release|Win32
	EndGlobalSection
	GlobalSection(SolutionProperties) = preSolution
		HideSolutionNode = FALSE
	EndGlobalSection
	GlobalSection(ExtensibilityGlobals) = postSolution
		SolutionGuid = {C190BD93-0ED0-408E-A4E7-39BFFCB9C6CF}
	EndGlobalSection
EndGlobal
